FORGE
  remote: https://forgeapi.puppetlabs.com
  specs:
    camptocamp-archive (0.4.0)
    danzilio-virtualbox (1.2.1)
      camptocamp-archive (>= 0.1.0)
      puppetlabs-apt (< 2.0.0, >= 1.0.0)
      puppetlabs-stdlib (< 5.0.0, >= 2.6.0)
      stahnma-epel (< 2.0.0, >= 0.0.6)
    puppetlabs-apt (1.8.0)
      puppetlabs-stdlib (>= 2.2.1)
    stahnma-epel (1.0.2)

GIT
  remote: git://github.com/puppetlabs/puppetlabs-stdlib.git
  ref: master
  sha: 4dab70b305c4ab1c8c36356efa4bd205678c7c49
  specs:
    puppetlabs-stdlib (4.5.1)

DEPENDENCIES
  danzilio-virtualbox (>= 0)
  puppetlabs-stdlib (>= 0)

